// !$*UTF8*$!
{
	archiveVersion = 1;
	classes = {
	};
	objectVersion = 56;
	objects = {

/* Begin PBXBuildFile section */
		2380D04B2A9F8C40009A6A5A /* ExamplesListSWiftUIApp.swift in Sources */ = {isa = PBXBuildFile; fileRef = 2380D04A2A9F8C40009A6A5A /* ExamplesListSWiftUIApp.swift */; };
		2380D04D2A9F8C40009A6A5A /* ContentView.swift in Sources */ = {isa = PBXBuildFile; fileRef = 2380D04C2A9F8C40009A6A5A /* ContentView.swift */; };
		2380D04F2A9F8C46009A6A5A /* Assets.xcassets in Resources */ = {isa = PBXBuildFile; fileRef = 2380D04E2A9F8C46009A6A5A /* Assets.xcassets */; };
		2380D0522A9F8C46009A6A5A /* Preview Assets.xcassets in Resources */ = {isa = PBXBuildFile; fileRef = 2380D0512A9F8C46009A6A5A /* Preview Assets.xcassets */; };
		2380D05A2A9F8E86009A6A5A /* NetworkService.swift in Sources */ = {isa = PBXBuildFile; fileRef = 2380D0592A9F8E86009A6A5A /* NetworkService.swift */; };
		23D608272AA1075A004640F4 /* new_file-36.riv in Resources */ = {isa = PBXBuildFile; fileRef = 23D608262AA1075A004640F4 /* new_file-36.riv */; };
		23E95FFC2A9FEBCC00D77826 /* CityModel.swift in Sources */ = {isa = PBXBuildFile; fileRef = 23E95FFA2A9FEBCC00D77826 /* CityModel.swift */; };
		23E95FFD2A9FEBCC00D77826 /* PittsburghWeatherModel.swift in Sources */ = {isa = PBXBuildFile; fileRef = 23E95FFB2A9FEBCC00D77826 /* PittsburghWeatherModel.swift */; };
		23E960002A9FECB700D77826 /* WeatherProjectViewModel.swift in Sources */ = {isa = PBXBuildFile; fileRef = 23E95FFF2A9FECB700D77826 /* WeatherProjectViewModel.swift */; };
		23E960032AA0020800D77826 /* ChooseCity.swift in Sources */ = {isa = PBXBuildFile; fileRef = 23E960022AA0020800D77826 /* ChooseCity.swift */; };
/* End PBXBuildFile section */

/* Begin PBXFileReference section */
		2380D0472A9F8C40009A6A5A /* ExamplesListSWiftUI.app */ = {isa = PBXFileReference; explicitFileType = wrapper.application; includeInIndex = 0; path = ExamplesListSWiftUI.app; sourceTree = BUILT_PRODUCTS_DIR; };
		2380D04A2A9F8C40009A6A5A /* ExamplesListSWiftUIApp.swift */ = {isa = PBXFileReference; lastKnownFileType = sourcecode.swift; path = ExamplesListSWiftUIApp.swift; sourceTree = "<group>"; };
		2380D04C2A9F8C40009A6A5A /* ContentView.swift */ = {isa = PBXFileReference; lastKnownFileType = sourcecode.swift; path = ContentView.swift; sourceTree = "<group>"; };
		2380D04E2A9F8C46009A6A5A /* Assets.xcassets */ = {isa = PBXFileReference; lastKnownFileType = folder.assetcatalog; path = Assets.xcassets; sourceTree = "<group>"; };
		2380D0512A9F8C46009A6A5A /* Preview Assets.xcassets */ = {isa = PBXFileReference; lastKnownFileType = folder.assetcatalog; path = "Preview Assets.xcassets"; sourceTree = "<group>"; };
		2380D0592A9F8E86009A6A5A /* NetworkService.swift */ = {isa = PBXFileReference; lastKnownFileType = sourcecode.swift; path = NetworkService.swift; sourceTree = "<group>"; };
		23D608262AA1075A004640F4 /* new_file-36.riv */ = {isa = PBXFileReference; lastKnownFileType = file; path = "new_file-36.riv"; sourceTree = "<group>"; };
		23E95FFA2A9FEBCC00D77826 /* CityModel.swift */ = {isa = PBXFileReference; fileEncoding = 4; lastKnownFileType = sourcecode.swift; path = CityModel.swift; sourceTree = "<group>"; };
		23E95FFB2A9FEBCC00D77826 /* PittsburghWeatherModel.swift */ = {isa = PBXFileReference; fileEncoding = 4; lastKnownFileType = sourcecode.swift; path = PittsburghWeatherModel.swift; sourceTree = "<group>"; };
		23E95FFF2A9FECB700D77826 /* WeatherProjectViewModel.swift */ = {isa = PBXFileReference; lastKnownFileType = sourcecode.swift; path = WeatherProjectViewModel.swift; sourceTree = "<group>"; };
		23E960022AA0020800D77826 /* ChooseCity.swift */ = {isa = PBXFileReference; lastKnownFileType = sourcecode.swift; path = ChooseCity.swift; sourceTree = "<group>"; };
/* End PBXFileReference section */

/* Begin PBXFrameworksBuildPhase section */
		2380D0442A9F8C40009A6A5A /* Frameworks */ = {
			isa = PBXFrameworksBuildPhase;
			buildActionMask = 2147483647;
			files = (
			);
			runOnlyForDeploymentPostprocessing = 0;
		};
/* End PBXFrameworksBuildPhase section */

/* Begin PBXGroup section */
		2380D03E2A9F8C3F009A6A5A = {
			isa = PBXGroup;
			children = (
				2380D04A2A9F8C40009A6A5A /* ExamplesListSWiftUIApp.swift */,
				23D608262AA1075A004640F4 /* new_file-36.riv */,
				2380D0582A9F8E70009A6A5A /* WeatherProjectApp */,
				23E95FF92A9FEBCC00D77826 /* Model */,
				23E960012A9FECBF00D77826 /* View */,
				23E95FFE2A9FEC9600D77826 /* ViewModel */,
				2380D0492A9F8C40009A6A5A /* ExamplesListSWiftUI */,
				2380D0482A9F8C40009A6A5A /* Products */,
			);
			sourceTree = "<group>";
		};
		2380D0482A9F8C40009A6A5A /* Products */ = {
			isa = PBXGroup;
			children = (
				2380D0472A9F8C40009A6A5A /* ExamplesListSWiftUI.app */,
			);
			name = Products;
			sourceTree = "<group>";
		};
		2380D0492A9F8C40009A6A5A /* ExamplesListSWiftUI */ = {
			isa = PBXGroup;
			children = (
				2380D04E2A9F8C46009A6A5A /* Assets.xcassets */,
				2380D0502A9F8C46009A6A5A /* Preview Content */,
			);
			path = ExamplesListSWiftUI;
			sourceTree = "<group>";
		};
		2380D0502A9F8C46009A6A5A /* Preview Content */ = {
			isa = PBXGroup;
			children = (
				2380D0512A9F8C46009A6A5A /* Preview Assets.xcassets */,
			);
			path = "Preview Content";
			sourceTree = "<group>";
		};
		2380D0582A9F8E70009A6A5A /* WeatherProjectApp */ = {
			isa = PBXGroup;
			children = (
				2380D0592A9F8E86009A6A5A /* NetworkService.swift */,
			);
			path = WeatherProjectApp;
			sourceTree = "<group>";
		};
		23E95FF92A9FEBCC00D77826 /* Model */ = {
			isa = PBXGroup;
			children = (
				23E95FFA2A9FEBCC00D77826 /* CityModel.swift */,
				23E95FFB2A9FEBCC00D77826 /* PittsburghWeatherModel.swift */,
			);
			path = Model;
			sourceTree = "<group>";
		};
		23E95FFE2A9FEC9600D77826 /* ViewModel */ = {
			isa = PBXGroup;
			children = (
				23E95FFF2A9FECB700D77826 /* WeatherProjectViewModel.swift */,
			);
			path = ViewModel;
			sourceTree = "<group>";
		};
		23E960012A9FECBF00D77826 /* View */ = {
			isa = PBXGroup;
			children = (
				2380D04C2A9F8C40009A6A5A /* ContentView.swift */,
				23E960022AA0020800D77826 /* ChooseCity.swift */,
			);
			path = View;
			sourceTree = "<group>";
		};
/* End PBXGroup section */

/* Begin PBXNativeTarget section */
		2380D0462A9F8C40009A6A5A /* ExamplesListSWiftUI */ = {
			isa = PBXNativeTarget;
			buildConfigurationList = 2380D0552A9F8C46009A6A5A /* Build configuration list for PBXNativeTarget "ExamplesListSWiftUI" */;
			buildPhases = (
				2380D0432A9F8C40009A6A5A /* Sources */,
				2380D0442A9F8C40009A6A5A /* Frameworks */,
				2380D0452A9F8C40009A6A5A /* Resources */,
			);
			buildRules = (
			);
			dependencies = (
			);
			name = ExamplesListSWiftUI;
			productName = ExamplesListSWiftUI;
			productReference = 2380D0472A9F8C40009A6A5A /* ExamplesListSWiftUI.app */;
			productType = "com.apple.product-type.application";
		};
/* End PBXNativeTarget section */

/* Begin PBXProject section */
		2380D03F2A9F8C3F009A6A5A /* Project object */ = {
			isa = PBXProject;
			attributes = {
				BuildIndependentTargetsInParallel = 1;
				LastSwiftUpdateCheck = 1500;
				LastUpgradeCheck = 1500;
				TargetAttributes = {
					2380D0462A9F8C40009A6A5A = {
						CreatedOnToolsVersion = 15.0;
					};
				};
			};
			buildConfigurationList = 2380D0422A9F8C3F009A6A5A /* Build configuration list for PBXProject "ExamplesListSWiftUI" */;
			compatibilityVersion = "Xcode 14.0";
			developmentRegion = en;
			hasScannedForEncodings = 0;
			knownRegions = (
				en,
				Base,
			);
			mainGroup = 2380D03E2A9F8C3F009A6A5A;
			productRefGroup = 2380D0482A9F8C40009A6A5A /* Products */;
			projectDirPath = "";
			projectRoot = "";
			targets = (
				2380D0462A9F8C40009A6A5A /* ExamplesListSWiftUI */,
			);
		};
/* End PBXProject section */

/* Begin PBXResourcesBuildPhase section */
		2380D0452A9F8C40009A6A5A /* Resources */ = {
			isa = PBXResourcesBuildPhase;
			buildActionMask = 2147483647;
			files = (
				2380D0522A9F8C46009A6A5A /* Preview Assets.xcassets in Resources */,
				23D608272AA1075A004640F4 /* new_file-36.riv in Resources */,
				2380D04F2A9F8C46009A6A5A /* Assets.xcassets in Resources */,
			);
			runOnlyForDeploymentPostprocessing = 0;
		};
/* End PBXResourcesBuildPhase section */

/* Begin PBXSourcesBuildPhase section */
		2380D0432A9F8C40009A6A5A /* Sources */ = {
			isa = PBXSourcesBuildPhase;
			buildActionMask = 2147483647;
			files = (
				23E95FFC2A9FEBCC00D77826 /* CityModel.swift in Sources */,
				2380D04D2A9F8C40009A6A5A /* ContentView.swift in Sources */,
				23E95FFD2A9FEBCC00D77826 /* PittsburghWeatherModel.swift in Sources */,
				23E960002A9FECB700D77826 /* WeatherProjectViewModel.swift in Sources */,
				2380D05A2A9F8E86009A6A5A /* NetworkService.swift in Sources */,
				23E960032AA0020800D77826 /* ChooseCity.swift in Sources */,
				2380D04B2A9F8C40009A6A5A /* ExamplesListSWiftUIApp.swift in Sources */,
			);
			runOnlyForDeploymentPostprocessing = 0;
		};
/* End PBXSourcesBuildPhase section */

/* Begin XCBuildConfiguration section */
		2380D0532A9F8C46009A6A5A /* Debug */ = {
			isa = XCBuildConfiguration;
			buildSettings = {
				ALWAYS_SEARCH_USER_PATHS = NO;
				ASSETCATALOG_COMPILER_GENERATE_SWIFT_ASSET_SYMBOL_EXTENSIONS = YES;
				CLANG_ANALYZER_NONNULL = YES;
				CLANG_ANALYZER_NUMBER_OBJECT_CONVERSION = YES_AGGRESSIVE;
				CLANG_CXX_LANGUAGE_STANDARD = "gnu++20";
				CLANG_ENABLE_MODULES = YES;
				CLANG_ENABLE_OBJC_ARC = YES;
				CLANG_ENABLE_OBJC_WEAK = YES;
				CLANG_WARN_BLOCK_CAPTURE_AUTORELEASING = YES;
				CLANG_WARN_BOOL_CONVERSION = YES;
				CLANG_WARN_COMMA = YES;
				CLANG_WARN_CONSTANT_CONVERSION = YES;
				CLANG_WARN_DEPRECATED_OBJC_IMPLEMENTATIONS = YES;
				CLANG_WARN_DIRECT_OBJC_ISA_USAGE = YES_ERROR;
				CLANG_WARN_DOCUMENTATION_COMMENTS = YES;
				CLANG_WARN_EMPTY_BODY = YES;
				CLANG_WARN_ENUM_CONVERSION = YES;
				CLANG_WARN_INFINITE_RECURSION = YES;
				CLANG_WARN_INT_CONVERSION = YES;
				CLANG_WARN_NON_LITERAL_NULL_CONVERSION = YES;
				CLANG_WARN_OBJC_IMPLICIT_RETAIN_SELF = YES;
				CLANG_WARN_OBJC_LITERAL_CONVERSION = YES;
				CLANG_WARN_OBJC_ROOT_CLASS = YES_ERROR;
				CLANG_WARN_QUOTED_INCLUDE_IN_FRAMEWORK_HEADER = YES;
				CLANG_WARN_RANGE_LOOP_ANALYSIS = YES;
				CLANG_WARN_STRICT_PROTOTYPES = YES;
				CLANG_WARN_SUSPICIOUS_MOVE = YES;
				CLANG_WARN_UNGUARDED_AVAILABILITY = YES_AGGRESSIVE;
				CLANG_WARN_UNREACHABLE_CODE = YES;
				CLANG_WARN__DUPLICATE_METHOD_MATCH = YES;
				COPY_PHASE_STRIP = NO;
				DEBUG_INFORMATION_FORMAT = dwarf;
				ENABLE_STRICT_OBJC_MSGSEND = YES;
				ENABLE_TESTABILITY = YES;
				ENABLE_USER_SCRIPT_SANDBOXING = YES;
				GCC_C_LANGUAGE_STANDARD = gnu17;
				GCC_DYNAMIC_NO_PIC = NO;
				GCC_NO_COMMON_BLOCKS = YES;
				GCC_OPTIMIZATION_LEVEL = 0;
				GCC_PREPROCESSOR_DEFINITIONS = (
					"DEBUG=1",
					"$(inherited)",
				);
				GCC_WARN_64_TO_32_BIT_CONVERSION = YES;
				GCC_WARN_ABOUT_RETURN_TYPE = YES_ERROR;
				GCC_WARN_UNDECLARED_SELECTOR = YES;
				GCC_WARN_UNINITIALIZED_AUTOS = YES_AGGRESSIVE;
				GCC_WARN_UNUSED_FUNCTION = YES;
				GCC_WARN_UNUSED_VARIABLE = YES;
				IPHONEOS_DEPLOYMENT_TARGET = 17.0;
				LOCALIZATION_PREFERS_STRING_CATALOGS = YES;
				MTL_ENABLE_DEBUG_INFO = INCLUDE_SOURCE;
				MTL_FAST_MATH = YES;
				ONLY_ACTIVE_ARCH = YES;
				SDKROOT = iphoneos;
				SWIFT_ACTIVE_COMPILATION_CONDITIONS = "DEBUG $(inherited)";
				SWIFT_OPTIMIZATION_LEVEL = "-Onone";
			};
			name = Debug;
		};
		2380D0542A9F8C46009A6A5A /* Release */ = {
			isa = XCBuildConfiguration;
			buildSettings = {
				ALWAYS_SEARCH_USER_PATHS = NO;
				ASSETCATALOG_COMPILER_GENERATE_SWIFT_ASSET_SYMBOL_EXTENSIONS = YES;
				CLANG_ANALYZER_NONNULL = YES;
				CLANG_ANALYZER_NUMBER_OBJECT_CONVERSION = YES_AGGRESSIVE;
				CLANG_CXX_LANGUAGE_STANDARD = "gnu++20";
				CLANG_ENABLE_MODULES = YES;
				CLANG_ENABLE_OBJC_ARC = YES;
				CLANG_ENABLE_OBJC_WEAK = YES;
				CLANG_WARN_BLOCK_CAPTURE_AUTORELEASING = YES;
				CLANG_WARN_BOOL_CONVERSION = YES;
				CLANG_WARN_COMMA = YES;
				CLANG_WARN_CONSTANT_CONVERSION = YES;
				CLANG_WARN_DEPRECATED_OBJC_IMPLEMENTATIONS = YES;
				CLANG_WARN_DIRECT_OBJC_ISA_USAGE = YES_ERROR;
				CLANG_WARN_DOCUMENTATION_COMMENTS = YES;
				CLANG_WARN_EMPTY_BODY = YES;
				CLANG_WARN_ENUM_CONVERSION = YES;
				CLANG_WARN_INFINITE_RECURSION = YES;
				CLANG_WARN_INT_CONVERSION = YES;
				CLANG_WARN_NON_LITERAL_NULL_CONVERSION = YES;
				CLANG_WARN_OBJC_IMPLICIT_RETAIN_SELF = YES;
				CLANG_WARN_OBJC_LITERAL_CONVERSION = YES;
				CLANG_WARN_OBJC_ROOT_CLASS = YES_ERROR;
				CLANG_WARN_QUOTED_INCLUDE_IN_FRAMEWORK_HEADER = YES;
				CLANG_WARN_RANGE_LOOP_ANALYSIS = YES;
				CLANG_WARN_STRICT_PROTOTYPES = YES;
				CLANG_WARN_SUSPICIOUS_MOVE = YES;
				CLANG_WARN_UNGUARDED_AVAILABILITY = YES_AGGRESSIVE;
				CLANG_WARN_UNREACHABLE_CODE = YES;
				CLANG_WARN__DUPLICATE_METHOD_MATCH = YES;
				COPY_PHASE_STRIP = NO;
				DEBUG_INFORMATION_FORMAT = "dwarf-with-dsym";
				ENABLE_NS_ASSERTIONS = NO;
				ENABLE_STRICT_OBJC_MSGSEND = YES;
				ENABLE_USER_SCRIPT_SANDBOXING = YES;
				GCC_C_LANGUAGE_STANDARD = gnu17;
				GCC_NO_COMMON_BLOCKS = YES;
				GCC_WARN_64_TO_32_BIT_CONVERSION = YES;
				GCC_WARN_ABOUT_RETURN_TYPE = YES_ERROR;
				GCC_WARN_UNDECLARED_SELECTOR = YES;
				GCC_WARN_UNINITIALIZED_AUTOS = YES_AGGRESSIVE;
				GCC_WARN_UNUSED_FUNCTION = YES;
				GCC_WARN_UNUSED_VARIABLE = YES;
				IPHONEOS_DEPLOYMENT_TARGET = 17.0;
				LOCALIZATION_PREFERS_STRING_CATALOGS = YES;
				MTL_ENABLE_DEBUG_INFO = NO;
				MTL_FAST_MATH = YES;
				SDKROOT = iphoneos;
				SWIFT_COMPILATION_MODE = wholemodule;
				VALIDATE_PRODUCT = YES;
			};
			name = Release;
		};
		2380D0562A9F8C46009A6A5A /* Debug */ = {
			isa = XCBuildConfiguration;
			buildSettings = {
				ASSETCATALOG_COMPILER_APPICON_NAME = AppIcon;
				ASSETCATALOG_COMPILER_GLOBAL_ACCENT_COLOR_NAME = AccentColor;
				CODE_SIGN_STYLE = Automatic;
				CURRENT_PROJECT_VERSION = 1;
				DEVELOPMENT_ASSET_PATHS = "\"ExamplesListSWiftUI/Preview Content\"";
				DEVELOPMENT_TEAM = F788WA65H3;
				ENABLE_PREVIEWS = YES;
				GENERATE_INFOPLIST_FILE = YES;
				INFOPLIST_KEY_UIApplicationSceneManifest_Generation = YES;
				INFOPLIST_KEY_UIApplicationSupportsIndirectInputEvents = YES;
				INFOPLIST_KEY_UILaunchScreen_Generation = YES;
				INFOPLIST_KEY_UISupportedInterfaceOrientations_iPad = "UIInterfaceOrientationPortrait UIInterfaceOrientationPortraitUpsideDown UIInterfaceOrientationLandscapeLeft UIInterfaceOrientationLandscapeRight";
				INFOPLIST_KEY_UISupportedInterfaceOrientations_iPhone = "UIInterfaceOrientationPortrait UIInterfaceOrientationLandscapeLeft UIInterfaceOrientationLandscapeRight";
				LD_RUNPATH_SEARCH_PATHS = (
					"$(inherited)",
					"@executable_path/Frameworks",
				);
				MARKETING_VERSION = 1.0;
				PRODUCT_BUNDLE_IDENTIFIER = com.naeemit.ExamplesListSWiftUI;
				PRODUCT_NAME = "$(TARGET_NAME)";
				SWIFT_EMIT_LOC_STRINGS = YES;
				SWIFT_VERSION = 5.0;
				TARGETED_DEVICE_FAMILY = "1,2";
			};
			name = Debug;
		};
		2380D0572A9F8C46009A6A5A /* Release */ = {
			isa = XCBuildConfiguration;
			buildSettings = {
				ASSETCATALOG_COMPILER_APPICON_NAME = AppIcon;
				ASSETCATALOG_COMPILER_GLOBAL_ACCENT_COLOR_NAME = AccentColor;
				CODE_SIGN_STYLE = Automatic;
				CURRENT_PROJECT_VERSION = 1;
				DEVELOPMENT_ASSET_PATHS = "\"ExamplesListSWiftUI/Preview Content\"";
				DEVELOPMENT_TEAM = F788WA65H3;
				ENABLE_PREVIEWS = YES;
				GENERATE_INFOPLIST_FILE = YES;
				INFOPLIST_KEY_UIApplicationSceneManifest_Generation = YES;
				INFOPLIST_KEY_UIApplicationSupportsIndirectInputEvents = YES;
				INFOPLIST_KEY_UILaunchScreen_Generation = YES;
				INFOPLIST_KEY_UISupportedInterfaceOrientations_iPad = "UIInterfaceOrientationPortrait UIInterfaceOrientationPortraitUpsideDown UIInterfaceOrientationLandscapeLeft UIInterfaceOrientationLandscapeRight";
				INFOPLIST_KEY_UISupportedInterfaceOrientations_iPhone = "UIInterfaceOrientationPortrait UIInterfaceOrientationLandscapeLeft UIInterfaceOrientationLandscapeRight";
				LD_RUNPATH_SEARCH_PATHS = (
					"$(inherited)",
					"@executable_path/Frameworks",
				);
				MARKETING_VERSION = 1.0;
				PRODUCT_BUNDLE_IDENTIFIER = com.naeemit.ExamplesListSWiftUI;
				PRODUCT_NAME = "$(TARGET_NAME)";
				SWIFT_EMIT_LOC_STRINGS = YES;
				SWIFT_VERSION = 5.0;
				TARGETED_DEVICE_FAMILY = "1,2";
			};
			name = Release;
		};
/* End XCBuildConfiguration section */

/* Begin XCConfigurationList section */
		2380D0422A9F8C3F009A6A5A /* Build configuration list for PBXProject "ExamplesListSWiftUI" */ = {
			isa = XCConfigurationList;
			buildConfigurations = (
				2380D0532A9F8C46009A6A5A /* Debug */,
				2380D0542A9F8C46009A6A5A /* Release */,
			);
			defaultConfigurationIsVisible = 0;
			defaultConfigurationName = Release;
		};
		2380D0552A9F8C46009A6A5A /* Build configuration list for PBXNativeTarget "ExamplesListSWiftUI" */ = {
			isa = XCConfigurationList;
			buildConfigurations = (
				2380D0562A9F8C46009A6A5A /* Debug */,
				2380D0572A9F8C46009A6A5A /* Release */,
			);
			defaultConfigurationIsVisible = 0;
			defaultConfigurationName = Release;
		};
/* End XCConfigurationList section */
	};
	rootObject = 2380D03F2A9F8C3F009A6A5A /* Project object */;
}
