// !$*UTF8*$!
{
	archiveVersion = 1;
	classes = {
	};
	objectVersion = 56;
	objects = {

/* Begin PBXBuildFile section */
		234D45F82B7F85A0004FFB49 /* AppDelegate.m in Sources */ = {isa = PBXBuildFile; fileRef = 234D45F72B7F85A0004FFB49 /* AppDelegate.m */; };
		234D45FB2B7F85A0004FFB49 /* SceneDelegate.m in Sources */ = {isa = PBXBuildFile; fileRef = 234D45FA2B7F85A0004FFB49 /* SceneDelegate.m */; };
		234D45FE2B7F85A0004FFB49 /* ViewController.m in Sources */ = {isa = PBXBuildFile; fileRef = 234D45FD2B7F85A0004FFB49 /* ViewController.m */; };
		234D46012B7F85A0004FFB49 /* Main.storyboard in Resources */ = {isa = PBXBuildFile; fileRef = 234D45FF2B7F85A0004FFB49 /* Main.storyboard */; };
		234D46032B7F85A0004FFB49 /* Assets.xcassets in Resources */ = {isa = PBXBuildFile; fileRef = 234D46022B7F85A0004FFB49 /* Assets.xcassets */; };
		234D46062B7F85A0004FFB49 /* LaunchScreen.storyboard in Resources */ = {isa = PBXBuildFile; fileRef = 234D46042B7F85A0004FFB49 /* LaunchScreen.storyboard */; };
		234D46092B7F85A0004FFB49 /* main.m in Sources */ = {isa = PBXBuildFile; fileRef = 234D46082B7F85A0004FFB49 /* main.m */; };
		234D461B2B7FB2E9004FFB49 /* DetailViewController.m in Sources */ = {isa = PBXBuildFile; fileRef = 234D461A2B7FB2E9004FFB49 /* DetailViewController.m */; };
		234D461E2B7FBBE8004FFB49 /* ThirdViewController.m in Sources */ = {isa = PBXBuildFile; fileRef = 234D461D2B7FBBE8004FFB49 /* ThirdViewController.m */; };
/* End PBXBuildFile section */

/* Begin PBXFileReference section */
		234D45F32B7F85A0004FFB49 /* TableViewByObjectiveC.app */ = {isa = PBXFileReference; explicitFileType = wrapper.application; includeInIndex = 0; path = TableViewByObjectiveC.app; sourceTree = BUILT_PRODUCTS_DIR; };
		234D45F62B7F85A0004FFB49 /* AppDelegate.h */ = {isa = PBXFileReference; lastKnownFileType = sourcecode.c.h; path = AppDelegate.h; sourceTree = "<group>"; };
		234D45F72B7F85A0004FFB49 /* AppDelegate.m */ = {isa = PBXFileReference; lastKnownFileType = sourcecode.c.objc; path = AppDelegate.m; sourceTree = "<group>"; };
		234D45F92B7F85A0004FFB49 /* SceneDelegate.h */ = {isa = PBXFileReference; lastKnownFileType = sourcecode.c.h; path = SceneDelegate.h; sourceTree = "<group>"; };
		234D45FA2B7F85A0004FFB49 /* SceneDelegate.m */ = {isa = PBXFileReference; lastKnownFileType = sourcecode.c.objc; path = SceneDelegate.m; sourceTree = "<group>"; };
		234D45FC2B7F85A0004FFB49 /* ViewController.h */ = {isa = PBXFileReference; lastKnownFileType = sourcecode.c.h; path = ViewController.h; sourceTree = "<group>"; };
		234D45FD2B7F85A0004FFB49 /* ViewController.m */ = {isa = PBXFileReference; lastKnownFileType = sourcecode.c.objc; path = ViewController.m; sourceTree = "<group>"; };
		234D46002B7F85A0004FFB49 /* Base */ = {isa = PBXFileReference; lastKnownFileType = file.storyboard; name = Base; path = Base.lproj/Main.storyboard; sourceTree = "<group>"; };
		234D46022B7F85A0004FFB49 /* Assets.xcassets */ = {isa = PBXFileReference; lastKnownFileType = folder.assetcatalog; path = Assets.xcassets; sourceTree = "<group>"; };
		234D46052B7F85A0004FFB49 /* Base */ = {isa = PBXFileReference; lastKnownFileType = file.storyboard; name = Base; path = Base.lproj/LaunchScreen.storyboard; sourceTree = "<group>"; };
		234D46072B7F85A0004FFB49 /* Info.plist */ = {isa = PBXFileReference; lastKnownFileType = text.plist.xml; path = Info.plist; sourceTree = "<group>"; };
		234D46082B7F85A0004FFB49 /* main.m */ = {isa = PBXFileReference; lastKnownFileType = sourcecode.c.objc; path = main.m; sourceTree = "<group>"; };
		234D46192B7FB2E9004FFB49 /* DetailViewController.h */ = {isa = PBXFileReference; lastKnownFileType = sourcecode.c.h; path = DetailViewController.h; sourceTree = "<group>"; };
		234D461A2B7FB2E9004FFB49 /* DetailViewController.m */ = {isa = PBXFileReference; lastKnownFileType = sourcecode.c.objc; path = DetailViewController.m; sourceTree = "<group>"; };
		234D461C2B7FBBE8004FFB49 /* ThirdViewController.h */ = {isa = PBXFileReference; lastKnownFileType = sourcecode.c.h; path = ThirdViewController.h; sourceTree = "<group>"; };
		234D461D2B7FBBE8004FFB49 /* ThirdViewController.m */ = {isa = PBXFileReference; lastKnownFileType = sourcecode.c.objc; path = ThirdViewController.m; sourceTree = "<group>"; };
/* End PBXFileReference section */

/* Begin PBXFrameworksBuildPhase section */
		234D45F02B7F85A0004FFB49 /* Frameworks */ = {
			isa = PBXFrameworksBuildPhase;
			buildActionMask = 2147483647;
			files = (
			);
			runOnlyForDeploymentPostprocessing = 0;
		};
/* End PBXFrameworksBuildPhase section */

/* Begin PBXGroup section */
		234D45EA2B7F85A0004FFB49 = {
			isa = PBXGroup;
			children = (
				234D45F52B7F85A0004FFB49 /* TableViewByObjectiveC */,
				234D45F42B7F85A0004FFB49 /* Products */,
			);
			sourceTree = "<group>";
		};
		234D45F42B7F85A0004FFB49 /* Products */ = {
			isa = PBXGroup;
			children = (
				234D45F32B7F85A0004FFB49 /* TableViewByObjectiveC.app */,
			);
			name = Products;
			sourceTree = "<group>";
		};
		234D45F52B7F85A0004FFB49 /* TableViewByObjectiveC */ = {
			isa = PBXGroup;
			children = (
				234D45F62B7F85A0004FFB49 /* AppDelegate.h */,
				234D45F72B7F85A0004FFB49 /* AppDelegate.m */,
				234D45F92B7F85A0004FFB49 /* SceneDelegate.h */,
				234D45FA2B7F85A0004FFB49 /* SceneDelegate.m */,
				234D46102B7F8672004FFB49 /* Controller */,
				234D45FF2B7F85A0004FFB49 /* Main.storyboard */,
				234D46022B7F85A0004FFB49 /* Assets.xcassets */,
				234D46042B7F85A0004FFB49 /* LaunchScreen.storyboard */,
				234D46072B7F85A0004FFB49 /* Info.plist */,
				234D46082B7F85A0004FFB49 /* main.m */,
			);
			path = TableViewByObjectiveC;
			sourceTree = "<group>";
		};
		234D46102B7F8672004FFB49 /* Controller */ = {
			isa = PBXGroup;
			children = (
				234D45FC2B7F85A0004FFB49 /* ViewController.h */,
				234D45FD2B7F85A0004FFB49 /* ViewController.m */,
				234D46192B7FB2E9004FFB49 /* DetailViewController.h */,
				234D461A2B7FB2E9004FFB49 /* DetailViewController.m */,
				234D461C2B7FBBE8004FFB49 /* ThirdViewController.h */,
				234D461D2B7FBBE8004FFB49 /* ThirdViewController.m */,
			);
			path = Controller;
			sourceTree = "<group>";
		};
/* End PBXGroup section */

/* Begin PBXNativeTarget section */
		234D45F22B7F85A0004FFB49 /* TableViewByObjectiveC */ = {
			isa = PBXNativeTarget;
			buildConfigurationList = 234D460C2B7F85A0004FFB49 /* Build configuration list for PBXNativeTarget "TableViewByObjectiveC" */;
			buildPhases = (
				234D45EF2B7F85A0004FFB49 /* Sources */,
				234D45F02B7F85A0004FFB49 /* Frameworks */,
				234D45F12B7F85A0004FFB49 /* Resources */,
			);
			buildRules = (
			);
			dependencies = (
			);
			name = TableViewByObjectiveC;
			productName = TableViewByObjectiveC;
			productReference = 234D45F32B7F85A0004FFB49 /* TableViewByObjectiveC.app */;
			productType = "com.apple.product-type.application";
		};
/* End PBXNativeTarget section */

/* Begin PBXProject section */
		234D45EB2B7F85A0004FFB49 /* Project object */ = {
			isa = PBXProject;
			attributes = {
				BuildIndependentTargetsInParallel = 1;
				LastUpgradeCheck = 1520;
				TargetAttributes = {
					234D45F22B7F85A0004FFB49 = {
						CreatedOnToolsVersion = 15.2;
					};
				};
			};
			buildConfigurationList = 234D45EE2B7F85A0004FFB49 /* Build configuration list for PBXProject "TableViewByObjectiveC" */;
			compatibilityVersion = "Xcode 14.0";
			developmentRegion = en;
			hasScannedForEncodings = 0;
			knownRegions = (
				en,
				Base,
			);
			mainGroup = 234D45EA2B7F85A0004FFB49;
			productRefGroup = 234D45F42B7F85A0004FFB49 /* Products */;
			projectDirPath = "";
			projectRoot = "";
			targets = (
				234D45F22B7F85A0004FFB49 /* TableViewByObjectiveC */,
			);
		};
/* End PBXProject section */

/* Begin PBXResourcesBuildPhase section */
		234D45F12B7F85A0004FFB49 /* Resources */ = {
			isa = PBXResourcesBuildPhase;
			buildActionMask = 2147483647;
			files = (
				234D46062B7F85A0004FFB49 /* LaunchScreen.storyboard in Resources */,
				234D46032B7F85A0004FFB49 /* Assets.xcassets in Resources */,
				234D46012B7F85A0004FFB49 /* Main.storyboard in Resources */,
			);
			runOnlyForDeploymentPostprocessing = 0;
		};
/* End PBXResourcesBuildPhase section */

/* Begin PBXSourcesBuildPhase section */
		234D45EF2B7F85A0004FFB49 /* Sources */ = {
			isa = PBXSourcesBuildPhase;
			buildActionMask = 2147483647;
			files = (
				234D461B2B7FB2E9004FFB49 /* DetailViewController.m in Sources */,
				234D45FE2B7F85A0004FFB49 /* ViewController.m in Sources */,
				234D461E2B7FBBE8004FFB49 /* ThirdViewController.m in Sources */,
				234D45F82B7F85A0004FFB49 /* AppDelegate.m in Sources */,
				234D46092B7F85A0004FFB49 /* main.m in Sources */,
				234D45FB2B7F85A0004FFB49 /* SceneDelegate.m in Sources */,
			);
			runOnlyForDeploymentPostprocessing = 0;
		};
/* End PBXSourcesBuildPhase section */

/* Begin PBXVariantGroup section */
		234D45FF2B7F85A0004FFB49 /* Main.storyboard */ = {
			isa = PBXVariantGroup;
			children = (
				234D46002B7F85A0004FFB49 /* Base */,
			);
			name = Main.storyboard;
			sourceTree = "<group>";
		};
		234D46042B7F85A0004FFB49 /* LaunchScreen.storyboard */ = {
			isa = PBXVariantGroup;
			children = (
				234D46052B7F85A0004FFB49 /* Base */,
			);
			name = LaunchScreen.storyboard;
			sourceTree = "<group>";
		};
/* End PBXVariantGroup section */

/* Begin XCBuildConfiguration section */
		234D460A2B7F85A0004FFB49 /* Debug */ = {
			isa = XCBuildConfiguration;
			buildSettings = {
				ALWAYS_SEARCH_USER_PATHS = NO;
				ASSETCATALOG_COMPILER_GENERATE_SWIFT_ASSET_SYMBOL_EXTENSIONS = YES;
				CLANG_ANALYZER_NONNULL = YES;
				CLANG_ANALYZER_NUMBER_OBJECT_CONVERSION = YES_AGGRESSIVE;
				CLANG_CXX_LANGUAGE_STANDARD = "gnu++20";
				CLANG_ENABLE_MODULES = YES;
				CLANG_ENABLE_OBJC_ARC = YES;
				CLANG_ENABLE_OBJC_WEAK = YES;
				CLANG_WARN_BLOCK_CAPTURE_AUTORELEASING = YES;
				CLANG_WARN_BOOL_CONVERSION = YES;
				CLANG_WARN_COMMA = YES;
				CLANG_WARN_CONSTANT_CONVERSION = YES;
				CLANG_WARN_DEPRECATED_OBJC_IMPLEMENTATIONS = YES;
				CLANG_WARN_DIRECT_OBJC_ISA_USAGE = YES_ERROR;
				CLANG_WARN_DOCUMENTATION_COMMENTS = YES;
				CLANG_WARN_EMPTY_BODY = YES;
				CLANG_WARN_ENUM_CONVERSION = YES;
				CLANG_WARN_INFINITE_RECURSION = YES;
				CLANG_WARN_INT_CONVERSION = YES;
				CLANG_WARN_NON_LITERAL_NULL_CONVERSION = YES;
				CLANG_WARN_OBJC_IMPLICIT_RETAIN_SELF = YES;
				CLANG_WARN_OBJC_LITERAL_CONVERSION = YES;
				CLANG_WARN_OBJC_ROOT_CLASS = YES_ERROR;
				CLANG_WARN_QUOTED_INCLUDE_IN_FRAMEWORK_HEADER = YES;
				CLANG_WARN_RANGE_LOOP_ANALYSIS = YES;
				CLANG_WARN_STRICT_PROTOTYPES = YES;
				CLANG_WARN_SUSPICIOUS_MOVE = YES;
				CLANG_WARN_UNGUARDED_AVAILABILITY = YES_AGGRESSIVE;
				CLANG_WARN_UNREACHABLE_CODE = YES;
				CLANG_WARN__DUPLICATE_METHOD_MATCH = YES;
				COPY_PHASE_STRIP = NO;
				DEBUG_INFORMATION_FORMAT = dwarf;
				ENABLE_STRICT_OBJC_MSGSEND = YES;
				ENABLE_TESTABILITY = YES;
				ENABLE_USER_SCRIPT_SANDBOXING = YES;
				GCC_C_LANGUAGE_STANDARD = gnu17;
				GCC_DYNAMIC_NO_PIC = NO;
				GCC_NO_COMMON_BLOCKS = YES;
				GCC_OPTIMIZATION_LEVEL = 0;
				GCC_PREPROCESSOR_DEFINITIONS = (
					"DEBUG=1",
					"$(inherited)",
				);
				GCC_WARN_64_TO_32_BIT_CONVERSION = YES;
				GCC_WARN_ABOUT_RETURN_TYPE = YES_ERROR;
				GCC_WARN_UNDECLARED_SELECTOR = YES;
				GCC_WARN_UNINITIALIZED_AUTOS = YES_AGGRESSIVE;
				GCC_WARN_UNUSED_FUNCTION = YES;
				GCC_WARN_UNUSED_VARIABLE = YES;
				IPHONEOS_DEPLOYMENT_TARGET = 17.2;
				LOCALIZATION_PREFERS_STRING_CATALOGS = YES;
				MTL_ENABLE_DEBUG_INFO = INCLUDE_SOURCE;
				MTL_FAST_MATH = YES;
				ONLY_ACTIVE_ARCH = YES;
				SDKROOT = iphoneos;
			};
			name = Debug;
		};
		234D460B2B7F85A0004FFB49 /* Release */ = {
			isa = XCBuildConfiguration;
			buildSettings = {
				ALWAYS_SEARCH_USER_PATHS = NO;
				ASSETCATALOG_COMPILER_GENERATE_SWIFT_ASSET_SYMBOL_EXTENSIONS = YES;
				CLANG_ANALYZER_NONNULL = YES;
				CLANG_ANALYZER_NUMBER_OBJECT_CONVERSION = YES_AGGRESSIVE;
				CLANG_CXX_LANGUAGE_STANDARD = "gnu++20";
				CLANG_ENABLE_MODULES = YES;
				CLANG_ENABLE_OBJC_ARC = YES;
				CLANG_ENABLE_OBJC_WEAK = YES;
				CLANG_WARN_BLOCK_CAPTURE_AUTORELEASING = YES;
				CLANG_WARN_BOOL_CONVERSION = YES;
				CLANG_WARN_COMMA = YES;
				CLANG_WARN_CONSTANT_CONVERSION = YES;
				CLANG_WARN_DEPRECATED_OBJC_IMPLEMENTATIONS = YES;
				CLANG_WARN_DIRECT_OBJC_ISA_USAGE = YES_ERROR;
				CLANG_WARN_DOCUMENTATION_COMMENTS = YES;
				CLANG_WARN_EMPTY_BODY = YES;
				CLANG_WARN_ENUM_CONVERSION = YES;
				CLANG_WARN_INFINITE_RECURSION = YES;
				CLANG_WARN_INT_CONVERSION = YES;
				CLANG_WARN_NON_LITERAL_NULL_CONVERSION = YES;
				CLANG_WARN_OBJC_IMPLICIT_RETAIN_SELF = YES;
				CLANG_WARN_OBJC_LITERAL_CONVERSION = YES;
				CLANG_WARN_OBJC_ROOT_CLASS = YES_ERROR;
				CLANG_WARN_QUOTED_INCLUDE_IN_FRAMEWORK_HEADER = YES;
				CLANG_WARN_RANGE_LOOP_ANALYSIS = YES;
				CLANG_WARN_STRICT_PROTOTYPES = YES;
				CLANG_WARN_SUSPICIOUS_MOVE = YES;
				CLANG_WARN_UNGUARDED_AVAILABILITY = YES_AGGRESSIVE;
				CLANG_WARN_UNREACHABLE_CODE = YES;
				CLANG_WARN__DUPLICATE_METHOD_MATCH = YES;
				COPY_PHASE_STRIP = NO;
				DEBUG_INFORMATION_FORMAT = "dwarf-with-dsym";
				ENABLE_NS_ASSERTIONS = NO;
				ENABLE_STRICT_OBJC_MSGSEND = YES;
				ENABLE_USER_SCRIPT_SANDBOXING = YES;
				GCC_C_LANGUAGE_STANDARD = gnu17;
				GCC_NO_COMMON_BLOCKS = YES;
				GCC_WARN_64_TO_32_BIT_CONVERSION = YES;
				GCC_WARN_ABOUT_RETURN_TYPE = YES_ERROR;
				GCC_WARN_UNDECLARED_SELECTOR = YES;
				GCC_WARN_UNINITIALIZED_AUTOS = YES_AGGRESSIVE;
				GCC_WARN_UNUSED_FUNCTION = YES;
				GCC_WARN_UNUSED_VARIABLE = YES;
				IPHONEOS_DEPLOYMENT_TARGET = 17.2;
				LOCALIZATION_PREFERS_STRING_CATALOGS = YES;
				MTL_ENABLE_DEBUG_INFO = NO;
				MTL_FAST_MATH = YES;
				SDKROOT = iphoneos;
				VALIDATE_PRODUCT = YES;
			};
			name = Release;
		};
		234D460D2B7F85A0004FFB49 /* Debug */ = {
			isa = XCBuildConfiguration;
			buildSettings = {
				ASSETCATALOG_COMPILER_APPICON_NAME = AppIcon;
				ASSETCATALOG_COMPILER_GLOBAL_ACCENT_COLOR_NAME = AccentColor;
				CODE_SIGN_STYLE = Automatic;
				CURRENT_PROJECT_VERSION = 1;
				DEVELOPMENT_TEAM = F788WA65H3;
				GENERATE_INFOPLIST_FILE = YES;
				INFOPLIST_FILE = TableViewByObjectiveC/Info.plist;
				INFOPLIST_KEY_UIApplicationSupportsIndirectInputEvents = YES;
				INFOPLIST_KEY_UILaunchStoryboardName = LaunchScreen;
				INFOPLIST_KEY_UIMainStoryboardFile = Main;
				INFOPLIST_KEY_UISupportedInterfaceOrientations_iPad = "UIInterfaceOrientationPortrait UIInterfaceOrientationPortraitUpsideDown UIInterfaceOrientationLandscapeLeft UIInterfaceOrientationLandscapeRight";
				INFOPLIST_KEY_UISupportedInterfaceOrientations_iPhone = "UIInterfaceOrientationPortrait UIInterfaceOrientationLandscapeLeft UIInterfaceOrientationLandscapeRight";
				LD_RUNPATH_SEARCH_PATHS = (
					"$(inherited)",
					"@executable_path/Frameworks",
				);
				MARKETING_VERSION = 1.0;
				PRODUCT_BUNDLE_IDENTIFIER = com.naeemiOS.TableViewByObjectiveC;
				PRODUCT_NAME = "$(TARGET_NAME)";
				SWIFT_EMIT_LOC_STRINGS = YES;
				TARGETED_DEVICE_FAMILY = "1,2";
			};
			name = Debug;
		};
		234D460E2B7F85A0004FFB49 /* Release */ = {
			isa = XCBuildConfiguration;
			buildSettings = {
				ASSETCATALOG_COMPILER_APPICON_NAME = AppIcon;
				ASSETCATALOG_COMPILER_GLOBAL_ACCENT_COLOR_NAME = AccentColor;
				CODE_SIGN_STYLE = Automatic;
				CURRENT_PROJECT_VERSION = 1;
				DEVELOPMENT_TEAM = F788WA65H3;
				GENERATE_INFOPLIST_FILE = YES;
				INFOPLIST_FILE = TableViewByObjectiveC/Info.plist;
				INFOPLIST_KEY_UIApplicationSupportsIndirectInputEvents = YES;
				INFOPLIST_KEY_UILaunchStoryboardName = LaunchScreen;
				INFOPLIST_KEY_UIMainStoryboardFile = Main;
				INFOPLIST_KEY_UISupportedInterfaceOrientations_iPad = "UIInterfaceOrientationPortrait UIInterfaceOrientationPortraitUpsideDown UIInterfaceOrientationLandscapeLeft UIInterfaceOrientationLandscapeRight";
				INFOPLIST_KEY_UISupportedInterfaceOrientations_iPhone = "UIInterfaceOrientationPortrait UIInterfaceOrientationLandscapeLeft UIInterfaceOrientationLandscapeRight";
				LD_RUNPATH_SEARCH_PATHS = (
					"$(inherited)",
					"@executable_path/Frameworks",
				);
				MARKETING_VERSION = 1.0;
				PRODUCT_BUNDLE_IDENTIFIER = com.naeemiOS.TableViewByObjectiveC;
				PRODUCT_NAME = "$(TARGET_NAME)";
				SWIFT_EMIT_LOC_STRINGS = YES;
				TARGETED_DEVICE_FAMILY = "1,2";
			};
			name = Release;
		};
/* End XCBuildConfiguration section */

/* Begin XCConfigurationList section */
		234D45EE2B7F85A0004FFB49 /* Build configuration list for PBXProject "TableViewByObjectiveC" */ = {
			isa = XCConfigurationList;
			buildConfigurations = (
				234D460A2B7F85A0004FFB49 /* Debug */,
				234D460B2B7F85A0004FFB49 /* Release */,
			);
			defaultConfigurationIsVisible = 0;
			defaultConfigurationName = Release;
		};
		234D460C2B7F85A0004FFB49 /* Build configuration list for PBXNativeTarget "TableViewByObjectiveC" */ = {
			isa = XCConfigurationList;
			buildConfigurations = (
				234D460D2B7F85A0004FFB49 /* Debug */,
				234D460E2B7F85A0004FFB49 /* Release */,
			);
			defaultConfigurationIsVisible = 0;
			defaultConfigurationName = Release;
		};
/* End XCConfigurationList section */
	};
	rootObject = 234D45EB2B7F85A0004FFB49 /* Project object */;
}
